{
    "requires": true,
    "lockfileVersion": 1,
    "dependencies": {
        "sweetalert2": {
            "version": "10.16.2",
            "resolved": "https://registry.npmjs.org/sweetalert2/-/sweetalert2-10.16.2.tgz",
            "integrity": "sha512-7LqiKnG17/XX0PfsLQ+YB1DG9uIgJyPEWF/EiGaBlQHLtlCrzOjWs7hQoPhHI1yQNgk5i4nBfaSTEzrk3d+KQw=="
        }
    }
}
